
Microsoft Visual Studio Solution File, Format Version 12.00
# Visual Studio Version 16
VisualStudioVersion = 16.0.31205.134
MinimumVisualStudioVersion = 10.0.40219.1
Project("{FAE04EC0-301F-11D3-BF4B-00C04F79EFBC}") = "SchoolCourseRegistration", "SchoolCourseRegistration.csproj", "{DA861C14-1B4B-47A9-9FBA-C20DC2373F5F}"
EndProject
Global
	GlobalSection(SolutionConfigurationPlatforms) = preSolution
		Debug|Any CPU = Debug|Any CPU
		Release|Any CPU = Release|Any CPU
	EndGlobalSection
	GlobalSection(ProjectConfigurationPlatforms) = postSolution
		{DA861C14-1B4B-47A9-9FBA-C20DC2373F5F}.Debug|Any CPU.ActiveCfg = Debug|Any CPU
		{DA861C14-1B4B-47A9-9FBA-C20DC2373F5F}.Debug|Any CPU.Build.0 = Debug|Any CPU
		{DA861C14-1B4B-47A9-9FBA-C20DC2373F5F}.Release|Any CPU.ActiveCfg = Release|Any CPU
		{DA861C14-1B4B-47A9-9FBA-C20DC2373F5F}.Release|Any CPU.Build.0 = Release|Any CPU
	EndGlobalSection
	GlobalSection(SolutionProperties) = preSolution
		HideSolutionNode = FALSE
	EndGlobalSection
	GlobalSection(ExtensibilityGlobals) = postSolution
		SolutionGuid = {F063972B-94C3-41A0-B479-9D4ABC8FE684}
	EndGlobalSection
EndGlobal
